
Microsoft Visual Studio Solution File, Format Version 12.00
# Visual Studio Version 17
VisualStudioVersion = 17.1.32407.343
MinimumVisualStudioVersion = 10.0.40219.1
Project("{9A19103F-16F7-4668-BE54-9A1E7A4F7556}") = "ServiceCollectionAndServiceProvider", "ServiceCollectionAndServiceProvider\ServiceCollectionAndServiceProvider.csproj", "{DDC5B640-EC2C-4126-9EE5-FE2FA4EC5BA8}"
EndProject
Project("{FAE04EC0-301F-11D3-BF4B-00C04F79EFBC}") = "WebAPIKurs", "WebAPIKurs\WebAPIKurs.csproj", "{697590AA-5451-4F8D-AACC-683CC6B999EE}"
EndProject
Global
	GlobalSection(SolutionConfigurationPlatforms) = preSolution
		Debug|Any CPU = Debug|Any CPU
		Release|Any CPU = Release|Any CPU
	EndGlobalSection
	GlobalSection(ProjectConfigurationPlatforms) = postSolution
		{DDC5B640-EC2C-4126-9EE5-FE2FA4EC5BA8}.Debug|Any CPU.ActiveCfg = Debug|Any CPU
		{DDC5B640-EC2C-4126-9EE5-FE2FA4EC5BA8}.Debug|Any CPU.Build.0 = Debug|Any CPU
		{DDC5B640-EC2C-4126-9EE5-FE2FA4EC5BA8}.Release|Any CPU.ActiveCfg = Release|Any CPU
		{DDC5B640-EC2C-4126-9EE5-FE2FA4EC5BA8}.Release|Any CPU.Build.0 = Release|Any CPU
		{697590AA-5451-4F8D-AACC-683CC6B999EE}.Debug|Any CPU.ActiveCfg = Debug|Any CPU
		{697590AA-5451-4F8D-AACC-683CC6B999EE}.Debug|Any CPU.Build.0 = Debug|Any CPU
		{697590AA-5451-4F8D-AACC-683CC6B999EE}.Release|Any CPU.ActiveCfg = Release|Any CPU
		{697590AA-5451-4F8D-AACC-683CC6B999EE}.Release|Any CPU.Build.0 = Release|Any CPU
	EndGlobalSection
	GlobalSection(SolutionProperties) = preSolution
		HideSolutionNode = FALSE
	EndGlobalSection
	GlobalSection(ExtensibilityGlobals) = postSolution
		SolutionGuid = {55363360-9AD7-476A-BC8A-1E74B39B7A14}
	EndGlobalSection
EndGlobal
